<?xml version="1.0" encoding="utf-8"?>
<Project ToolsVersion="4.0" xmlns="http://schemas.microsoft.com/developer/msbuild/2003">
  <ItemGroup>
    <Filter Include="Source Files">
      <UniqueIdentifier>{4FC737F1-C7A5-4376-A066-2A32D752A2FF}</UniqueIdentifier>
      <Extensions>cpp;c;cc;cxx;def;odl;idl;hpj;bat;asm;asmx</Extensions>
    </Filter>
    <Filter Include="Header Files">
      <UniqueIdentifier>{93995380-89BD-4b04-88EB-625FBE52EBFB}</UniqueIdentifier>
      <Extensions>h;hh;hpp;hxx;hm;inl;inc;xsd</Extensions>
    </Filter>
    <Filter Include="Resource Files">
      <UniqueIdentifier>{67DA6AB6-F800-4c08-8B7A-83BB121AAD01}</UniqueIdentifier>
      <Extensions>rc;ico;cur;bmp;dlg;rc2;rct;bin;rgs;gif;jpg;jpeg;jpe;resx;tiff;tif;png;wav;mfcribbon-ms</Extensions>
    </Filter>
    <Filter Include="Test">
      <UniqueIdentifier>{6ffc8fa8-1525-41c8-8025-7529bd467664}</UniqueIdentifier>
    </Filter>
  </ItemGroup>
  <ItemGroup>
    <ClInclude Include="..\include\field.h">
      <Filter>Header Files</Filter>
    </ClInclude>
    <ClInclude Include="..\include\collision.h">
      <Filter>Header Files</Filter>
    </ClInclude>
    <ClInclude Include="..\include\event_table.h">
      <Filter>Header Files</Filter>
    </ClInclude>
    <ClInclude Include="..\include\simulation.h">
      <Filter>Header Files</Filter>
    </ClInclude>
    <ClInclude Include="..\include\potential.h">
      <Filter>Header Files</Filter>
    </ClInclude>
    <ClInclude Include="..\include\equilibration.h">
      <Filter>Header Files</Filter>
    </ClInclude>
    <ClInclude Include="..\..\common\include\current.h">
      <Filter>Header Files</Filter>
    </ClInclude>
    <ClInclude Include="..\..\common\include\correlation.h">
      <Filter>Header Files</Filter>
    </ClInclude>
    <ClInclude Include="..\..\common\include\fft_transform.h">
      <Filter>Header Files</Filter>
    </ClInclude>
    <ClInclude Include="..\..\common\include\random.h">
      <Filter>Header Files</Filter>
    </ClInclude>
    <ClInclude Include="..\..\common\include\spatial_correlation.h">
      <Filter>Header Files</Filter>
    </ClInclude>
    <ClInclude Include="..\..\common\include\time_correlation.h">
      <Filter>Header Files</Filter>
    </ClInclude>
    <ClInclude Include="..\..\common\include\util.h">
      <Filter>Header Files</Filter>
    </ClInclude>
  </ItemGroup>
  <ItemGroup>
    <ClCompile Include="..\src\field.c">
      <Filter>Source Files</Filter>
    </ClCompile>
    <ClCompile Include="..\src\collision.c">
      <Filter>Source Files</Filter>
    </ClCompile>
    <ClCompile Include="..\src\event_table.c">
      <Filter>Source Files</Filter>
    </ClCompile>
    <ClCompile Include="..\src\simulation.c">
      <Filter>Source Files</Filter>
    </ClCompile>
    <ClCompile Include="..\test\collision_test.c">
      <Filter>Test</Filter>
    </ClCompile>
    <ClCompile Include="..\src\main_fields.c">
      <Filter>Source Files</Filter>
    </ClCompile>
    <ClCompile Include="..\src\main_current.c">
      <Filter>Source Files</Filter>
    </ClCompile>
    <ClCompile Include="..\test\microcanonical_test.c">
      <Filter>Test</Filter>
    </ClCompile>
    <ClCompile Include="..\src\equilibration.c">
      <Filter>Source Files</Filter>
    </ClCompile>
    <ClCompile Include="..\src\main_fields_micro.c">
      <Filter>Source Files</Filter>
    </ClCompile>
    <ClCompile Include="..\src\main_current_Jsite.c">
      <Filter>Source Files</Filter>
    </ClCompile>
    <ClCompile Include="..\..\common\src\fft_transform.c">
      <Filter>Source Files</Filter>
    </ClCompile>
    <ClCompile Include="..\..\common\src\random.c">
      <Filter>Source Files</Filter>
    </ClCompile>
    <ClCompile Include="..\..\common\src\spatial_correlation.c">
      <Filter>Source Files</Filter>
    </ClCompile>
    <ClCompile Include="..\..\common\src\time_correlation.c">
      <Filter>Source Files</Filter>
    </ClCompile>
    <ClCompile Include="..\..\common\src\util.c">
      <Filter>Source Files</Filter>
    </ClCompile>
  </ItemGroup>
  <ItemGroup>
    <None Include="..\Doxyfile">
      <Filter>Resource Files</Filter>
    </None>
  </ItemGroup>
</Project>